# This file is autogenerated, do not edit; changes may be undone by the next 'dep ensure'.


[[projects]]
  branch = "master"
  name = "github.com/abiosoft/caddy-git"
  packages = [".","gitos"]
  revision = "1a565409d31651a957fdba74f964d86f249a8739"

[[projects]]
  name = "github.com/aead/chacha20"
  packages = [".","chacha"]
  revision = "8d6ce0550041f9d97e7f15ec27ed489f8bbbb0fb"

[[projects]]
  name = "github.com/bifurcation/mint"
  packages = [".","syntax"]
  revision = "64af8ab8ccb81bd5d4eab356f79ba0939117d9f6"

[[projects]]
  branch = "master"
  name = "github.com/caddyserver/builds"
  packages = ["."]
  revision = "c62e2219460a8828970dad09212c3a4cec40b56c"

[[projects]]
  name = "github.com/cheekybits/genny"
  packages = ["generic"]
  revision = "d2cf3cdd35ce0d789056c4bc02a4d6349c947caf"
  version = "v1.0.0"

[[projects]]
  branch = "master"
  name = "github.com/codahale/aesnicheck"
  packages = ["."]
  revision = "349fcc471aaccc29cd074e1275f1a494323826cd"

[[projects]]
  name = "github.com/dustin/go-humanize"
  packages = ["."]
  revision = "259d2a102b871d17f30e3cd9881a642961a1e486"

[[projects]]
  name = "github.com/epicagency/caddy-expires"
  packages = ["."]
  revision = "cb2ed464e061263893acfe4cdbcab6f54e244afc"
  version = "v1.0.0"

[[projects]]
  branch = "master"
  name = "github.com/flynn/go-shlex"
  packages = ["."]
  revision = "3f9db97f856818214da2e1057f8ad84803971cff"

[[projects]]
  name = "github.com/google/uuid"
  packages = ["."]
  revision = "7e072fc3a7be179aee6d3359e46015aa8c995314"

[[projects]]
  name = "github.com/gorilla/websocket"
  packages = ["."]
  revision = "a69d9f6de432e2c6b296a947d8a5ee88f68522cf"

[[projects]]
  branch = "master"
  name = "github.com/hashicorp/go-syslog"
  packages = ["."]
  revision = "326bf4a7f709d263f964a6a96558676b103f3534"

[[projects]]
  name = "github.com/hashicorp/golang-lru"
  packages = [".","simplelru"]
  revision = "0a025b7e63adc15a622f29b0b2c4c3848243bbf6"

[[projects]]
  branch = "master"
  name = "github.com/jimstudt/http-authentication"
  packages = ["basic"]
  revision = "3eca13d6893afd7ecabe15f4445f5d2872a1b012"

[[projects]]
  branch = "master"
  name = "github.com/lucas-clemente/aes12"
  packages = ["."]
  revision = "cd47fb39b79f867c6e4e5cd39cf7abd799f71670"

[[projects]]
  name = "github.com/lucas-clemente/quic-go"
  packages = [".","h2quic","internal/ackhandler","internal/congestion","internal/crypto","internal/flowcontrol","internal/handshake","internal/protocol","internal/utils","internal/wire","qerr"]
  revision = "da7708e47066ab0aff0f20f66b21c1f329db1eff"

[[projects]]
  branch = "master"
  name = "github.com/lucas-clemente/quic-go-certificates"
  packages = ["."]
  revision = "d2f86524cced5186554df90d92529757d22c1cb6"

[[projects]]
  name = "github.com/miekg/dns"
  packages = ["."]
  revision = "0f3adef2e2201d72e50309a36fc99d8a9d1a4960"

[[projects]]
  name = "github.com/naoina/go-stringutil"
  packages = ["."]
  revision = "6b638e95a32d0c1131db0e7fe83775cbea4a0d0b"
  version = "v0.1.0"

[[projects]]
  name = "github.com/naoina/toml"
  packages = [".","ast"]
  revision = "e6f5723bf2a66af014955e0888881314cf294129"
  version = "v0.1.1"

[[projects]]
  name = "github.com/russross/blackfriday"
  packages = ["."]
  revision = "067529f716f4c3f5e37c8c95ddd59df1007290ae"

[[projects]]
  branch = "acmev2"
  name = "github.com/xenolf/lego"
  packages = ["acmev2"]
  revision = "fad2257e11ae4ff31ed03739386873aa405dec2d"

[[projects]]
  name = "golang.org/x/crypto"
  packages = ["curve25519","ed25519","ed25519/internal/edwards25519","hkdf","ocsp"]
  revision = "94eea52f7b742c7cbe0b03b22f0c4c8631ece122"

[[projects]]
  name = "golang.org/x/net"
  packages = ["http2","http2/hpack","idna","lex/httplex","websocket"]
  revision = "f5079bd7f6f74e23c4d65efa0f4ce14cbd6a3c0f"

[[projects]]
  name = "golang.org/x/text"
  packages = ["internal/gen","internal/triegen","internal/ucd","secure/bidirule","transform","unicode/bidi","unicode/cldr","unicode/norm","unicode/rangetable"]
  revision = "836efe42bb4aa16aaa17b9c155d8813d336ed720"

[[projects]]
  name = "gopkg.in/mcuadros/go-syslog.v2"
  packages = [".","format","internal/syslogparser","internal/syslogparser/rfc3164","internal/syslogparser/rfc5424"]
  revision = "9cf13b7327c0e153da3cba3540c2ae2b879c3859"
  version = "v2.2.1"

[[projects]]
  name = "gopkg.in/natefinch/lumberjack.v2"
  packages = ["."]
  revision = "df99d62fd42d8b3752c8a42c6723555372c02a03"

[[projects]]
  name = "gopkg.in/square/go-jose.v2"
  packages = [".","cipher","json"]
  revision = "6ee92191fea850cdcab9a18867abf5f521cdbadb"
  version = "v2.1.4"

[[projects]]
  branch = "v2"
  name = "gopkg.in/yaml.v2"
  packages = ["."]
  revision = "25c4ec802a7d637f88d584ab26798e94ad14c13b"

[solve-meta]
  analyzer-name = "dep"
  analyzer-version = 1
  inputs-digest = "75752fd82c98bad7c49da810c5d29431cd7edd2fbb9d959c12225636ad33cc56"
  solver-name = "gps-cdcl"
  solver-version = 1
